
Microsoft Visual Studio Solution File, Format Version 12.00
# Visual Studio 2013
VisualStudioVersion = 12.0.21005.1
MinimumVisualStudioVersion = 10.0.40219.1
Project("{FAE04EC0-301F-11D3-BF4B-00C04F79EFBC}") = "UriParser", "UriParser.csproj", "{42719B44-7675-46E2-907A-C6F501013CB5}"
EndProject
Project("{FAE04EC0-301F-11D3-BF4B-00C04F79EFBC}") = "UriParser_Client", "..\UriParser_Client\UriParser_Client.csproj", "{4C9118F5-BF7B-4841-96C2-A2CC1E2613EB}"
EndProject
Global
	GlobalSection(SolutionConfigurationPlatforms) = preSolution
		Debug|Any CPU = Debug|Any CPU
		Release|Any CPU = Release|Any CPU
	EndGlobalSection
	GlobalSection(ProjectConfigurationPlatforms) = postSolution
		{42719B44-7675-46E2-907A-C6F501013CB5}.Debug|Any CPU.ActiveCfg = Debug|Any CPU
		{42719B44-7675-46E2-907A-C6F501013CB5}.Debug|Any CPU.Build.0 = Debug|Any CPU
		{42719B44-7675-46E2-907A-C6F501013CB5}.Release|Any CPU.ActiveCfg = Release|Any CPU
		{42719B44-7675-46E2-907A-C6F501013CB5}.Release|Any CPU.Build.0 = Release|Any CPU
		{4C9118F5-BF7B-4841-96C2-A2CC1E2613EB}.Debug|Any CPU.ActiveCfg = Debug|Any CPU
		{4C9118F5-BF7B-4841-96C2-A2CC1E2613EB}.Debug|Any CPU.Build.0 = Debug|Any CPU
		{4C9118F5-BF7B-4841-96C2-A2CC1E2613EB}.Release|Any CPU.ActiveCfg = Release|Any CPU
		{4C9118F5-BF7B-4841-96C2-A2CC1E2613EB}.Release|Any CPU.Build.0 = Release|Any CPU
	EndGlobalSection
	GlobalSection(SolutionProperties) = preSolution
		HideSolutionNode = FALSE
	EndGlobalSection
EndGlobal
